
Microsoft Visual Studio Solution File, Format Version 12.00
# Visual Studio Version 16
VisualStudioVersion = 16.0.30804.86
MinimumVisualStudioVersion = 10.0.40219.1
Project("{FAE04EC0-301F-11D3-BF4B-00C04F79EFBC}") = "WPFAppExamen.UI", "WPFAppExamen\WPFAppExamen.UI.csproj", "{D84BA03F-B42A-4A70-90F2-FA9974DCC25E}"
EndProject
Project("{FAE04EC0-301F-11D3-BF4B-00C04F79EFBC}") = "WPFAppExamen.DataAccess", "WPFAppExamen.DataAccess\WPFAppExamen.DataAccess.csproj", "{17CF5F99-91FA-4CBB-AE4B-D37BAE7E5659}"
EndProject
Project("{FAE04EC0-301F-11D3-BF4B-00C04F79EFBC}") = "WPFAppExamen.Model", "WPFAppExamen.Model\WPFAppExamen.Model.csproj", "{8B8DFE51-E6DD-4B54-865F-B910F367AB63}"
EndProject
Global
	GlobalSection(SolutionConfigurationPlatforms) = preSolution
		Debug|Any CPU = Debug|Any CPU
		Release|Any CPU = Release|Any CPU
	EndGlobalSection
	GlobalSection(ProjectConfigurationPlatforms) = postSolution
		{D84BA03F-B42A-4A70-90F2-FA9974DCC25E}.Debug|Any CPU.ActiveCfg = Debug|Any CPU
		{D84BA03F-B42A-4A70-90F2-FA9974DCC25E}.Debug|Any CPU.Build.0 = Debug|Any CPU
		{D84BA03F-B42A-4A70-90F2-FA9974DCC25E}.Release|Any CPU.ActiveCfg = Release|Any CPU
		{D84BA03F-B42A-4A70-90F2-FA9974DCC25E}.Release|Any CPU.Build.0 = Release|Any CPU
		{17CF5F99-91FA-4CBB-AE4B-D37BAE7E5659}.Debug|Any CPU.ActiveCfg = Debug|Any CPU
		{17CF5F99-91FA-4CBB-AE4B-D37BAE7E5659}.Debug|Any CPU.Build.0 = Debug|Any CPU
		{17CF5F99-91FA-4CBB-AE4B-D37BAE7E5659}.Release|Any CPU.ActiveCfg = Release|Any CPU
		{17CF5F99-91FA-4CBB-AE4B-D37BAE7E5659}.Release|Any CPU.Build.0 = Release|Any CPU
		{8B8DFE51-E6DD-4B54-865F-B910F367AB63}.Debug|Any CPU.ActiveCfg = Debug|Any CPU
		{8B8DFE51-E6DD-4B54-865F-B910F367AB63}.Debug|Any CPU.Build.0 = Debug|Any CPU
		{8B8DFE51-E6DD-4B54-865F-B910F367AB63}.Release|Any CPU.ActiveCfg = Release|Any CPU
		{8B8DFE51-E6DD-4B54-865F-B910F367AB63}.Release|Any CPU.Build.0 = Release|Any CPU
	EndGlobalSection
	GlobalSection(SolutionProperties) = preSolution
		HideSolutionNode = FALSE
	EndGlobalSection
	GlobalSection(ExtensibilityGlobals) = postSolution
		SolutionGuid = {DD7B33E0-D7CB-40B0-B833-3192C0478B9D}
	EndGlobalSection
EndGlobal
